
Microsoft Visual Studio Solution File, Format Version 12.00
# Visual Studio 15
VisualStudioVersion = 15.0.28307.136
MinimumVisualStudioVersion = 10.0.40219.1
Project("{DA7A21FA-8162-4350-AD77-A8D1B671F3ED}") = "RProject1", "RProject1\RProject1.rxproj", "{551605F2-890C-4D48-9907-81BD905C2B99}"
EndProject
Global
	GlobalSection(SolutionConfigurationPlatforms) = preSolution
		Debug|Any CPU = Debug|Any CPU
		Release|Any CPU = Release|Any CPU
	EndGlobalSection
	GlobalSection(ProjectConfigurationPlatforms) = postSolution
		{551605F2-890C-4D48-9907-81BD905C2B99}.Debug|Any CPU.ActiveCfg = Debug|Any CPU
		{551605F2-890C-4D48-9907-81BD905C2B99}.Debug|Any CPU.Build.0 = Debug|Any CPU
		{551605F2-890C-4D48-9907-81BD905C2B99}.Release|Any CPU.ActiveCfg = Release|Any CPU
		{551605F2-890C-4D48-9907-81BD905C2B99}.Release|Any CPU.Build.0 = Release|Any CPU
	EndGlobalSection
	GlobalSection(SolutionProperties) = preSolution
		HideSolutionNode = FALSE
	EndGlobalSection
	GlobalSection(ExtensibilityGlobals) = postSolution
		SolutionGuid = {BBF1B647-21EE-4DE1-B52E-A08BB74025A8}
	EndGlobalSection
EndGlobal
